// !$*UTF8*$!
{
	archiveVersion = 1;
	classes = {
	};
	objectVersion = 46;
	objects = {

/* Begin PBXBuildFile section */
		11C09C5D1FAC5376001DE1A7 /* main.m in Sources */ = {isa = PBXBuildFile; fileRef = 11C09C5C1FAC5376001DE1A7 /* main.m */; };
		11C09C601FAC5376001DE1A7 /* AppDelegate.m in Sources */ = {isa = PBXBuildFile; fileRef = 11C09C5F1FAC5376001DE1A7 /* AppDelegate.m */; };
		11C09C661FAC5376001DE1A7 /* Main.storyboard in Resources */ = {isa = PBXBuildFile; fileRef = 11C09C641FAC5376001DE1A7 /* Main.storyboard */; };
		11C09C681FAC5376001DE1A7 /* Assets.xcassets in Resources */ = {isa = PBXBuildFile; fileRef = 11C09C671FAC5376001DE1A7 /* Assets.xcassets */; };
		11C09C6B1FAC5376001DE1A7 /* LaunchScreen.storyboard in Resources */ = {isa = PBXBuildFile; fileRef = 11C09C691FAC5376001DE1A7 /* LaunchScreen.storyboard */; };
		11C09C761FAC5376001DE1A7 /* FoldableTableTests.m in Sources */ = {isa = PBXBuildFile; fileRef = 11C09C751FAC5376001DE1A7 /* FoldableTableTests.m */; };
		11C09C811FAC5376001DE1A7 /* FoldableTableUITests.m in Sources */ = {isa = PBXBuildFile; fileRef = 11C09C801FAC5376001DE1A7 /* FoldableTableUITests.m */; };
		11C09C931FAC561D001DE1A7 /* FdVC.m in Sources */ = {isa = PBXBuildFile; fileRef = 11C09C921FAC561D001DE1A7 /* FdVC.m */; };
		11C09C971FAC5C44001DE1A7 /* fdData.m in Sources */ = {isa = PBXBuildFile; fileRef = 11C09C961FAC5C44001DE1A7 /* fdData.m */; };
		11C09C9C1FAC6648001DE1A7 /* FdCollectionViewCell.m in Sources */ = {isa = PBXBuildFile; fileRef = 11C09C9A1FAC6648001DE1A7 /* FdCollectionViewCell.m */; };
		11C09C9D1FAC6648001DE1A7 /* FdCollectionViewCell.xib in Resources */ = {isa = PBXBuildFile; fileRef = 11C09C9B1FAC6648001DE1A7 /* FdCollectionViewCell.xib */; };
/* End PBXBuildFile section */

/* Begin PBXContainerItemProxy section */
		11C09C721FAC5376001DE1A7 /* PBXContainerItemProxy */ = {
			isa = PBXContainerItemProxy;
			containerPortal = 11C09C501FAC5376001DE1A7 /* Project object */;
			proxyType = 1;
			remoteGlobalIDString = 11C09C571FAC5376001DE1A7;
			remoteInfo = FoldableTable;
		};
		11C09C7D1FAC5376001DE1A7 /* PBXContainerItemProxy */ = {
			isa = PBXContainerItemProxy;
			containerPortal = 11C09C501FAC5376001DE1A7 /* Project object */;
			proxyType = 1;
			remoteGlobalIDString = 11C09C571FAC5376001DE1A7;
			remoteInfo = FoldableTable;
		};
/* End PBXContainerItemProxy section */

/* Begin PBXFileReference section */
		11C09C581FAC5376001DE1A7 /* FoldableTable.app */ = {isa = PBXFileReference; explicitFileType = wrapper.application; includeInIndex = 0; path = FoldableTable.app; sourceTree = BUILT_PRODUCTS_DIR; };
		11C09C5C1FAC5376001DE1A7 /* main.m */ = {isa = PBXFileReference; lastKnownFileType = sourcecode.c.objc; path = main.m; sourceTree = "<group>"; };
		11C09C5E1FAC5376001DE1A7 /* AppDelegate.h */ = {isa = PBXFileReference; lastKnownFileType = sourcecode.c.h; path = AppDelegate.h; sourceTree = "<group>"; };
		11C09C5F1FAC5376001DE1A7 /* AppDelegate.m */ = {isa = PBXFileReference; lastKnownFileType = sourcecode.c.objc; path = AppDelegate.m; sourceTree = "<group>"; };
		11C09C651FAC5376001DE1A7 /* Base */ = {isa = PBXFileReference; lastKnownFileType = file.storyboard; name = Base; path = Base.lproj/Main.storyboard; sourceTree = "<group>"; };
		11C09C671FAC5376001DE1A7 /* Assets.xcassets */ = {isa = PBXFileReference; lastKnownFileType = folder.assetcatalog; path = Assets.xcassets; sourceTree = "<group>"; };
		11C09C6A1FAC5376001DE1A7 /* Base */ = {isa = PBXFileReference; lastKnownFileType = file.storyboard; name = Base; path = Base.lproj/LaunchScreen.storyboard; sourceTree = "<group>"; };
		11C09C6C1FAC5376001DE1A7 /* Info.plist */ = {isa = PBXFileReference; lastKnownFileType = text.plist.xml; path = Info.plist; sourceTree = "<group>"; };
		11C09C711FAC5376001DE1A7 /* FoldableTableTests.xctest */ = {isa = PBXFileReference; explicitFileType = wrapper.cfbundle; includeInIndex = 0; path = FoldableTableTests.xctest; sourceTree = BUILT_PRODUCTS_DIR; };
		11C09C751FAC5376001DE1A7 /* FoldableTableTests.m */ = {isa = PBXFileReference; lastKnownFileType = sourcecode.c.objc; path = FoldableTableTests.m; sourceTree = "<group>"; };
		11C09C771FAC5376001DE1A7 /* Info.plist */ = {isa = PBXFileReference; lastKnownFileType = text.plist.xml; path = Info.plist; sourceTree = "<group>"; };
		11C09C7C1FAC5376001DE1A7 /* FoldableTableUITests.xctest */ = {isa = PBXFileReference; explicitFileType = wrapper.cfbundle; includeInIndex = 0; path = FoldableTableUITests.xctest; sourceTree = BUILT_PRODUCTS_DIR; };
		11C09C801FAC5376001DE1A7 /* FoldableTableUITests.m */ = {isa = PBXFileReference; lastKnownFileType = sourcecode.c.objc; path = FoldableTableUITests.m; sourceTree = "<group>"; };
		11C09C821FAC5376001DE1A7 /* Info.plist */ = {isa = PBXFileReference; lastKnownFileType = text.plist.xml; path = Info.plist; sourceTree = "<group>"; };
		11C09C911FAC561D001DE1A7 /* FdVC.h */ = {isa = PBXFileReference; fileEncoding = 4; lastKnownFileType = sourcecode.c.h; name = FdVC.h; path = ../FdVC.h; sourceTree = "<group>"; };
		11C09C921FAC561D001DE1A7 /* FdVC.m */ = {isa = PBXFileReference; fileEncoding = 4; lastKnownFileType = sourcecode.c.objc; name = FdVC.m; path = ../FdVC.m; sourceTree = "<group>"; };
		11C09C951FAC5C44001DE1A7 /* fdData.h */ = {isa = PBXFileReference; fileEncoding = 4; lastKnownFileType = sourcecode.c.h; path = fdData.h; sourceTree = "<group>"; };
		11C09C961FAC5C44001DE1A7 /* fdData.m */ = {isa = PBXFileReference; fileEncoding = 4; lastKnownFileType = sourcecode.c.objc; path = fdData.m; sourceTree = "<group>"; };
		11C09C991FAC6648001DE1A7 /* FdCollectionViewCell.h */ = {isa = PBXFileReference; fileEncoding = 4; lastKnownFileType = sourcecode.c.h; path = FdCollectionViewCell.h; sourceTree = "<group>"; };
		11C09C9A1FAC6648001DE1A7 /* FdCollectionViewCell.m */ = {isa = PBXFileReference; fileEncoding = 4; lastKnownFileType = sourcecode.c.objc; path = FdCollectionViewCell.m; sourceTree = "<group>"; };
		11C09C9B1FAC6648001DE1A7 /* FdCollectionViewCell.xib */ = {isa = PBXFileReference; fileEncoding = 4; lastKnownFileType = file.xib; path = FdCollectionViewCell.xib; sourceTree = "<group>"; };
/* End PBXFileReference section */

/* Begin PBXFrameworksBuildPhase section */
		11C09C551FAC5376001DE1A7 /* Frameworks */ = {
			isa = PBXFrameworksBuildPhase;
			buildActionMask = 2147483647;
			files = (
			);
			runOnlyForDeploymentPostprocessing = 0;
		};
		11C09C6E1FAC5376001DE1A7 /* Frameworks */ = {
			isa = PBXFrameworksBuildPhase;
			buildActionMask = 2147483647;
			files = (
			);
			runOnlyForDeploymentPostprocessing = 0;
		};
		11C09C791FAC5376001DE1A7 /* Frameworks */ = {
			isa = PBXFrameworksBuildPhase;
			buildActionMask = 2147483647;
			files = (
			);
			runOnlyForDeploymentPostprocessing = 0;
		};
/* End PBXFrameworksBuildPhase section */

/* Begin PBXGroup section */
		11C09C4F1FAC5376001DE1A7 = {
			isa = PBXGroup;
			children = (
				11C09C5A1FAC5376001DE1A7 /* FoldableTable */,
				11C09C741FAC5376001DE1A7 /* FoldableTableTests */,
				11C09C7F1FAC5376001DE1A7 /* FoldableTableUITests */,
				11C09C591FAC5376001DE1A7 /* Products */,
			);
			sourceTree = "<group>";
		};
		11C09C591FAC5376001DE1A7 /* Products */ = {
			isa = PBXGroup;
			children = (
				11C09C581FAC5376001DE1A7 /* FoldableTable.app */,
				11C09C711FAC5376001DE1A7 /* FoldableTableTests.xctest */,
				11C09C7C1FAC5376001DE1A7 /* FoldableTableUITests.xctest */,
			);
			name = Products;
			sourceTree = "<group>";
		};
		11C09C5A1FAC5376001DE1A7 /* FoldableTable */ = {
			isa = PBXGroup;
			children = (
				11C09C981FAC65D6001DE1A7 /* View */,
				11C09C941FAC5BDC001DE1A7 /* Data */,
				11C09C911FAC561D001DE1A7 /* FdVC.h */,
				11C09C921FAC561D001DE1A7 /* FdVC.m */,
				11C09C5E1FAC5376001DE1A7 /* AppDelegate.h */,
				11C09C5F1FAC5376001DE1A7 /* AppDelegate.m */,
				11C09C641FAC5376001DE1A7 /* Main.storyboard */,
				11C09C671FAC5376001DE1A7 /* Assets.xcassets */,
				11C09C691FAC5376001DE1A7 /* LaunchScreen.storyboard */,
				11C09C6C1FAC5376001DE1A7 /* Info.plist */,
				11C09C5B1FAC5376001DE1A7 /* Supporting Files */,
			);
			path = FoldableTable;
			sourceTree = "<group>";
		};
		11C09C5B1FAC5376001DE1A7 /* Supporting Files */ = {
			isa = PBXGroup;
			children = (
				11C09C5C1FAC5376001DE1A7 /* main.m */,
			);
			name = "Supporting Files";
			sourceTree = "<group>";
		};
		11C09C741FAC5376001DE1A7 /* FoldableTableTests */ = {
			isa = PBXGroup;
			children = (
				11C09C751FAC5376001DE1A7 /* FoldableTableTests.m */,
				11C09C771FAC5376001DE1A7 /* Info.plist */,
			);
			path = FoldableTableTests;
			sourceTree = "<group>";
		};
		11C09C7F1FAC5376001DE1A7 /* FoldableTableUITests */ = {
			isa = PBXGroup;
			children = (
				11C09C801FAC5376001DE1A7 /* FoldableTableUITests.m */,
				11C09C821FAC5376001DE1A7 /* Info.plist */,
			);
			path = FoldableTableUITests;
			sourceTree = "<group>";
		};
		11C09C941FAC5BDC001DE1A7 /* Data */ = {
			isa = PBXGroup;
			children = (
				11C09C951FAC5C44001DE1A7 /* fdData.h */,
				11C09C961FAC5C44001DE1A7 /* fdData.m */,
			);
			path = Data;
			sourceTree = "<group>";
		};
		11C09C981FAC65D6001DE1A7 /* View */ = {
			isa = PBXGroup;
			children = (
				11C09C991FAC6648001DE1A7 /* FdCollectionViewCell.h */,
				11C09C9A1FAC6648001DE1A7 /* FdCollectionViewCell.m */,
				11C09C9B1FAC6648001DE1A7 /* FdCollectionViewCell.xib */,
			);
			path = View;
			sourceTree = "<group>";
		};
/* End PBXGroup section */

/* Begin PBXNativeTarget section */
		11C09C571FAC5376001DE1A7 /* FoldableTable */ = {
			isa = PBXNativeTarget;
			buildConfigurationList = 11C09C851FAC5376001DE1A7 /* Build configuration list for PBXNativeTarget "FoldableTable" */;
			buildPhases = (
				11C09C541FAC5376001DE1A7 /* Sources */,
				11C09C551FAC5376001DE1A7 /* Frameworks */,
				11C09C561FAC5376001DE1A7 /* Resources */,
			);
			buildRules = (
			);
			dependencies = (
			);
			name = FoldableTable;
			productName = FoldableTable;
			productReference = 11C09C581FAC5376001DE1A7 /* FoldableTable.app */;
			productType = "com.apple.product-type.application";
		};
		11C09C701FAC5376001DE1A7 /* FoldableTableTests */ = {
			isa = PBXNativeTarget;
			buildConfigurationList = 11C09C881FAC5376001DE1A7 /* Build configuration list for PBXNativeTarget "FoldableTableTests" */;
			buildPhases = (
				11C09C6D1FAC5376001DE1A7 /* Sources */,
				11C09C6E1FAC5376001DE1A7 /* Frameworks */,
				11C09C6F1FAC5376001DE1A7 /* Resources */,
			);
			buildRules = (
			);
			dependencies = (
				11C09C731FAC5376001DE1A7 /* PBXTargetDependency */,
			);
			name = FoldableTableTests;
			productName = FoldableTableTests;
			productReference = 11C09C711FAC5376001DE1A7 /* FoldableTableTests.xctest */;
			productType = "com.apple.product-type.bundle.unit-test";
		};
		11C09C7B1FAC5376001DE1A7 /* FoldableTableUITests */ = {
			isa = PBXNativeTarget;
			buildConfigurationList = 11C09C8B1FAC5376001DE1A7 /* Build configuration list for PBXNativeTarget "FoldableTableUITests" */;
			buildPhases = (
				11C09C781FAC5376001DE1A7 /* Sources */,
				11C09C791FAC5376001DE1A7 /* Frameworks */,
				11C09C7A1FAC5376001DE1A7 /* Resources */,
			);
			buildRules = (
			);
			dependencies = (
				11C09C7E1FAC5376001DE1A7 /* PBXTargetDependency */,
			);
			name = FoldableTableUITests;
			productName = FoldableTableUITests;
			productReference = 11C09C7C1FAC5376001DE1A7 /* FoldableTableUITests.xctest */;
			productType = "com.apple.product-type.bundle.ui-testing";
		};
/* End PBXNativeTarget section */

/* Begin PBXProject section */
		11C09C501FAC5376001DE1A7 /* Project object */ = {
			isa = PBXProject;
			attributes = {
				LastUpgradeCheck = 0830;
				ORGANIZATIONNAME = Joseph.Tsai;
				TargetAttributes = {
					11C09C571FAC5376001DE1A7 = {
						CreatedOnToolsVersion = 8.3.3;
						DevelopmentTeam = BSPG965L6Z;
						ProvisioningStyle = Automatic;
					};
					11C09C701FAC5376001DE1A7 = {
						CreatedOnToolsVersion = 8.3.3;
						DevelopmentTeam = BSPG965L6Z;
						ProvisioningStyle = Automatic;
						TestTargetID = 11C09C571FAC5376001DE1A7;
					};
					11C09C7B1FAC5376001DE1A7 = {
						CreatedOnToolsVersion = 8.3.3;
						DevelopmentTeam = BSPG965L6Z;
						ProvisioningStyle = Automatic;
						TestTargetID = 11C09C571FAC5376001DE1A7;
					};
				};
			};
			buildConfigurationList = 11C09C531FAC5376001DE1A7 /* Build configuration list for PBXProject "FoldableTable" */;
			compatibilityVersion = "Xcode 3.2";
			developmentRegion = English;
			hasScannedForEncodings = 0;
			knownRegions = (
				en,
				Base,
			);
			mainGroup = 11C09C4F1FAC5376001DE1A7;
			productRefGroup = 11C09C591FAC5376001DE1A7 /* Products */;
			projectDirPath = "";
			projectRoot = "";
			targets = (
				11C09C571FAC5376001DE1A7 /* FoldableTable */,
				11C09C701FAC5376001DE1A7 /* FoldableTableTests */,
				11C09C7B1FAC5376001DE1A7 /* FoldableTableUITests */,
			);
		};
/* End PBXProject section */

/* Begin PBXResourcesBuildPhase section */
		11C09C561FAC5376001DE1A7 /* Resources */ = {
			isa = PBXResourcesBuildPhase;
			buildActionMask = 2147483647;
			files = (
				11C09C6B1FAC5376001DE1A7 /* LaunchScreen.storyboard in Resources */,
				11C09C681FAC5376001DE1A7 /* Assets.xcassets in Resources */,
				11C09C9D1FAC6648001DE1A7 /* FdCollectionViewCell.xib in Resources */,
				11C09C661FAC5376001DE1A7 /* Main.storyboard in Resources */,
			);
			runOnlyForDeploymentPostprocessing = 0;
		};
		11C09C6F1FAC5376001DE1A7 /* Resources */ = {
			isa = PBXResourcesBuildPhase;
			buildActionMask = 2147483647;
			files = (
			);
			runOnlyForDeploymentPostprocessing = 0;
		};
		11C09C7A1FAC5376001DE1A7 /* Resources */ = {
			isa = PBXResourcesBuildPhase;
			buildActionMask = 2147483647;
			files = (
			);
			runOnlyForDeploymentPostprocessing = 0;
		};
/* End PBXResourcesBuildPhase section */

/* Begin PBXSourcesBuildPhase section */
		11C09C541FAC5376001DE1A7 /* Sources */ = {
			isa = PBXSourcesBuildPhase;
			buildActionMask = 2147483647;
			files = (
				11C09C601FAC5376001DE1A7 /* AppDelegate.m in Sources */,
				11C09C931FAC561D001DE1A7 /* FdVC.m in Sources */,
				11C09C5D1FAC5376001DE1A7 /* main.m in Sources */,
				11C09C971FAC5C44001DE1A7 /* fdData.m in Sources */,
				11C09C9C1FAC6648001DE1A7 /* FdCollectionViewCell.m in Sources */,
			);
			runOnlyForDeploymentPostprocessing = 0;
		};
		11C09C6D1FAC5376001DE1A7 /* Sources */ = {
			isa = PBXSourcesBuildPhase;
			buildActionMask = 2147483647;
			files = (
				11C09C761FAC5376001DE1A7 /* FoldableTableTests.m in Sources */,
			);
			runOnlyForDeploymentPostprocessing = 0;
		};
		11C09C781FAC5376001DE1A7 /* Sources */ = {
			isa = PBXSourcesBuildPhase;
			buildActionMask = 2147483647;
			files = (
				11C09C811FAC5376001DE1A7 /* FoldableTableUITests.m in Sources */,
			);
			runOnlyForDeploymentPostprocessing = 0;
		};
/* End PBXSourcesBuildPhase section */

/* Begin PBXTargetDependency section */
		11C09C731FAC5376001DE1A7 /* PBXTargetDependency */ = {
			isa = PBXTargetDependency;
			target = 11C09C571FAC5376001DE1A7 /* FoldableTable */;
			targetProxy = 11C09C721FAC5376001DE1A7 /* PBXContainerItemProxy */;
		};
		11C09C7E1FAC5376001DE1A7 /* PBXTargetDependency */ = {
			isa = PBXTargetDependency;
			target = 11C09C571FAC5376001DE1A7 /* FoldableTable */;
			targetProxy = 11C09C7D1FAC5376001DE1A7 /* PBXContainerItemProxy */;
		};
/* End PBXTargetDependency section */

/* Begin PBXVariantGroup section */
		11C09C641FAC5376001DE1A7 /* Main.storyboard */ = {
			isa = PBXVariantGroup;
			children = (
				11C09C651FAC5376001DE1A7 /* Base */,
			);
			name = Main.storyboard;
			sourceTree = "<group>";
		};
		11C09C691FAC5376001DE1A7 /* LaunchScreen.storyboard */ = {
			isa = PBXVariantGroup;
			children = (
				11C09C6A1FAC5376001DE1A7 /* Base */,
			);
			name = LaunchScreen.storyboard;
			sourceTree = "<group>";
		};
/* End PBXVariantGroup section */

/* Begin XCBuildConfiguration section */
		11C09C831FAC5376001DE1A7 /* Debug */ = {
			isa = XCBuildConfiguration;
			buildSettings = {
				ALWAYS_SEARCH_USER_PATHS = NO;
				CLANG_ANALYZER_NONNULL = YES;
				CLANG_ANALYZER_NUMBER_OBJECT_CONVERSION = YES_AGGRESSIVE;
				CLANG_CXX_LANGUAGE_STANDARD = "gnu++0x";
				CLANG_CXX_LIBRARY = "libc++";
				CLANG_ENABLE_MODULES = YES;
				CLANG_ENABLE_OBJC_ARC = YES;
				CLANG_WARN_BOOL_CONVERSION = YES;
				CLANG_WARN_CONSTANT_CONVERSION = YES;
				CLANG_WARN_DIRECT_OBJC_ISA_USAGE = YES_ERROR;
				CLANG_WARN_DOCUMENTATION_COMMENTS = YES;
				CLANG_WARN_EMPTY_BODY = YES;
				CLANG_WARN_ENUM_CONVERSION = YES;
				CLANG_WARN_INFINITE_RECURSION = YES;
				CLANG_WARN_INT_CONVERSION = YES;
				CLANG_WARN_OBJC_ROOT_CLASS = YES_ERROR;
				CLANG_WARN_SUSPICIOUS_MOVE = YES;
				CLANG_WARN_UNREACHABLE_CODE = YES;
				CLANG_WARN__DUPLICATE_METHOD_MATCH = YES;
				"CODE_SIGN_IDENTITY[sdk=iphoneos*]" = "iPhone Developer";
				COPY_PHASE_STRIP = NO;
				DEBUG_INFORMATION_FORMAT = dwarf;
				ENABLE_STRICT_OBJC_MSGSEND = YES;
				ENABLE_TESTABILITY = YES;
				GCC_C_LANGUAGE_STANDARD = gnu99;
				GCC_DYNAMIC_NO_PIC = NO;
				GCC_NO_COMMON_BLOCKS = YES;
				GCC_OPTIMIZATION_LEVEL = 0;
				GCC_PREPROCESSOR_DEFINITIONS = (
					"DEBUG=1",
					"$(inherited)",
				);
				GCC_WARN_64_TO_32_BIT_CONVERSION = YES;
				GCC_WARN_ABOUT_RETURN_TYPE = YES_ERROR;
				GCC_WARN_UNDECLARED_SELECTOR = YES;
				GCC_WARN_UNINITIALIZED_AUTOS = YES_AGGRESSIVE;
				GCC_WARN_UNUSED_FUNCTION = YES;
				GCC_WARN_UNUSED_VARIABLE = YES;
				IPHONEOS_DEPLOYMENT_TARGET = 10.3;
				MTL_ENABLE_DEBUG_INFO = YES;
				ONLY_ACTIVE_ARCH = YES;
				SDKROOT = iphoneos;
			};
			name = Debug;
		};
		11C09C841FAC5376001DE1A7 /* Release */ = {
			isa = XCBuildConfiguration;
			buildSettings = {
				ALWAYS_SEARCH_USER_PATHS = NO;
				CLANG_ANALYZER_NONNULL = YES;
				CLANG_ANALYZER_NUMBER_OBJECT_CONVERSION = YES_AGGRESSIVE;
				CLANG_CXX_LANGUAGE_STANDARD = "gnu++0x";
				CLANG_CXX_LIBRARY = "libc++";
				CLANG_ENABLE_MODULES = YES;
				CLANG_ENABLE_OBJC_ARC = YES;
				CLANG_WARN_BOOL_CONVERSION = YES;
				CLANG_WARN_CONSTANT_CONVERSION = YES;
				CLANG_WARN_DIRECT_OBJC_ISA_USAGE = YES_ERROR;
				CLANG_WARN_DOCUMENTATION_COMMENTS = YES;
				CLANG_WARN_EMPTY_BODY = YES;
				CLANG_WARN_ENUM_CONVERSION = YES;
				CLANG_WARN_INFINITE_RECURSION = YES;
				CLANG_WARN_INT_CONVERSION = YES;
				CLANG_WARN_OBJC_ROOT_CLASS = YES_ERROR;
				CLANG_WARN_SUSPICIOUS_MOVE = YES;
				CLANG_WARN_UNREACHABLE_CODE = YES;
				CLANG_WARN__DUPLICATE_METHOD_MATCH = YES;
				"CODE_SIGN_IDENTITY[sdk=iphoneos*]" = "iPhone Developer";
				COPY_PHASE_STRIP = NO;
				DEBUG_INFORMATION_FORMAT = "dwarf-with-dsym";
				ENABLE_NS_ASSERTIONS = NO;
				ENABLE_STRICT_OBJC_MSGSEND = YES;
				GCC_C_LANGUAGE_STANDARD = gnu99;
				GCC_NO_COMMON_BLOCKS = YES;
				GCC_WARN_64_TO_32_BIT_CONVERSION = YES;
				GCC_WARN_ABOUT_RETURN_TYPE = YES_ERROR;
				GCC_WARN_UNDECLARED_SELECTOR = YES;
				GCC_WARN_UNINITIALIZED_AUTOS = YES_AGGRESSIVE;
				GCC_WARN_UNUSED_FUNCTION = YES;
				GCC_WARN_UNUSED_VARIABLE = YES;
				IPHONEOS_DEPLOYMENT_TARGET = 10.3;
				MTL_ENABLE_DEBUG_INFO = NO;
				SDKROOT = iphoneos;
				VALIDATE_PRODUCT = YES;
			};
			name = Release;
		};
		11C09C861FAC5376001DE1A7 /* Debug */ = {
			isa = XCBuildConfiguration;
			buildSettings = {
				ASSETCATALOG_COMPILER_APPICON_NAME = AppIcon;
				DEVELOPMENT_TEAM = BSPG965L6Z;
				INFOPLIST_FILE = FoldableTable/Info.plist;
				LD_RUNPATH_SEARCH_PATHS = "$(inherited) @executable_path/Frameworks";
				PRODUCT_BUNDLE_IDENTIFIER = com.joejoejoseph.FoldableTable;
				PRODUCT_NAME = "$(TARGET_NAME)";
			};
			name = Debug;
		};
		11C09C871FAC5376001DE1A7 /* Release */ = {
			isa = XCBuildConfiguration;
			buildSettings = {
				ASSETCATALOG_COMPILER_APPICON_NAME = AppIcon;
				DEVELOPMENT_TEAM = BSPG965L6Z;
				INFOPLIST_FILE = FoldableTable/Info.plist;
				LD_RUNPATH_SEARCH_PATHS = "$(inherited) @executable_path/Frameworks";
				PRODUCT_BUNDLE_IDENTIFIER = com.joejoejoseph.FoldableTable;
				PRODUCT_NAME = "$(TARGET_NAME)";
			};
			name = Release;
		};
		11C09C891FAC5376001DE1A7 /* Debug */ = {
			isa = XCBuildConfiguration;
			buildSettings = {
				BUNDLE_LOADER = "$(TEST_HOST)";
				DEVELOPMENT_TEAM = BSPG965L6Z;
				INFOPLIST_FILE = FoldableTableTests/Info.plist;
				LD_RUNPATH_SEARCH_PATHS = "$(inherited) @executable_path/Frameworks @loader_path/Frameworks";
				PRODUCT_BUNDLE_IDENTIFIER = com.joejoejoseph.FoldableTableTests;
				PRODUCT_NAME = "$(TARGET_NAME)";
				TEST_HOST = "$(BUILT_PRODUCTS_DIR)/FoldableTable.app/FoldableTable";
			};
			name = Debug;
		};
		11C09C8A1FAC5376001DE1A7 /* Release */ = {
			isa = XCBuildConfiguration;
			buildSettings = {
				BUNDLE_LOADER = "$(TEST_HOST)";
				DEVELOPMENT_TEAM = BSPG965L6Z;
				INFOPLIST_FILE = FoldableTableTests/Info.plist;
				LD_RUNPATH_SEARCH_PATHS = "$(inherited) @executable_path/Frameworks @loader_path/Frameworks";
				PRODUCT_BUNDLE_IDENTIFIER = com.joejoejoseph.FoldableTableTests;
				PRODUCT_NAME = "$(TARGET_NAME)";
				TEST_HOST = "$(BUILT_PRODUCTS_DIR)/FoldableTable.app/FoldableTable";
			};
			name = Release;
		};
		11C09C8C1FAC5376001DE1A7 /* Debug */ = {
			isa = XCBuildConfiguration;
			buildSettings = {
				DEVELOPMENT_TEAM = BSPG965L6Z;
				INFOPLIST_FILE = FoldableTableUITests/Info.plist;
				LD_RUNPATH_SEARCH_PATHS = "$(inherited) @executable_path/Frameworks @loader_path/Frameworks";
				PRODUCT_BUNDLE_IDENTIFIER = com.joejoejoseph.FoldableTableUITests;
				PRODUCT_NAME = "$(TARGET_NAME)";
				TEST_TARGET_NAME = FoldableTable;
			};
			name = Debug;
		};
		11C09C8D1FAC5376001DE1A7 /* Release */ = {
			isa = XCBuildConfiguration;
			buildSettings = {
				DEVELOPMENT_TEAM = BSPG965L6Z;
				INFOPLIST_FILE = FoldableTableUITests/Info.plist;
				LD_RUNPATH_SEARCH_PATHS = "$(inherited) @executable_path/Frameworks @loader_path/Frameworks";
				PRODUCT_BUNDLE_IDENTIFIER = com.joejoejoseph.FoldableTableUITests;
				PRODUCT_NAME = "$(TARGET_NAME)";
				TEST_TARGET_NAME = FoldableTable;
			};
			name = Release;
		};
/* End XCBuildConfiguration section */

/* Begin XCConfigurationList section */
		11C09C531FAC5376001DE1A7 /* Build configuration list for PBXProject "FoldableTable" */ = {
			isa = XCConfigurationList;
			buildConfigurations = (
				11C09C831FAC5376001DE1A7 /* Debug */,
				11C09C841FAC5376001DE1A7 /* Release */,
			);
			defaultConfigurationIsVisible = 0;
			defaultConfigurationName = Release;
		};
		11C09C851FAC5376001DE1A7 /* Build configuration list for PBXNativeTarget "FoldableTable" */ = {
			isa = XCConfigurationList;
			buildConfigurations = (
				11C09C861FAC5376001DE1A7 /* Debug */,
				11C09C871FAC5376001DE1A7 /* Release */,
			);
			defaultConfigurationIsVisible = 0;
			defaultConfigurationName = Release;
		};
		11C09C881FAC5376001DE1A7 /* Build configuration list for PBXNativeTarget "FoldableTableTests" */ = {
			isa = XCConfigurationList;
			buildConfigurations = (
				11C09C891FAC5376001DE1A7 /* Debug */,
				11C09C8A1FAC5376001DE1A7 /* Release */,
			);
			defaultConfigurationIsVisible = 0;
			defaultConfigurationName = Release;
		};
		11C09C8B1FAC5376001DE1A7 /* Build configuration list for PBXNativeTarget "FoldableTableUITests" */ = {
			isa = XCConfigurationList;
			buildConfigurations = (
				11C09C8C1FAC5376001DE1A7 /* Debug */,
				11C09C8D1FAC5376001DE1A7 /* Release */,
			);
			defaultConfigurationIsVisible = 0;
			defaultConfigurationName = Release;
		};
/* End XCConfigurationList section */
	};
	rootObject = 11C09C501FAC5376001DE1A7 /* Project object */;
}
